
Microsoft Visual Studio Solution File, Format Version 12.00
# Visual Studio 14
VisualStudioVersion = 14.0.23107.0
MinimumVisualStudioVersion = 10.0.40219.1
Project("{FAE04EC0-301F-11D3-BF4B-00C04F79EFBC}") = "SignalRSelfHost", "SignalRSelfHost\SignalRSelfHost.csproj", "{9E446DFE-EA65-4EAF-86C3-980EAE4332A4}"
	ProjectSection(ProjectDependencies) = postProject
		{5FF33C16-5BD6-4013-86E0-4AB2BAA73A87} = {5FF33C16-5BD6-4013-86E0-4AB2BAA73A87}
	EndProjectSection
EndProject
Project("{FAE04EC0-301F-11D3-BF4B-00C04F79EFBC}") = "Common", "Common\Common.csproj", "{5FF33C16-5BD6-4013-86E0-4AB2BAA73A87}"
EndProject
Project("{FAE04EC0-301F-11D3-BF4B-00C04F79EFBC}") = "ClientConsole", "ClientConsole\ClientConsole.csproj", "{09750C17-CFFB-4044-AFBB-792A5A9AA3F7}"
	ProjectSection(ProjectDependencies) = postProject
		{5FF33C16-5BD6-4013-86E0-4AB2BAA73A87} = {5FF33C16-5BD6-4013-86E0-4AB2BAA73A87}
	EndProjectSection
EndProject
Global
	GlobalSection(SolutionConfigurationPlatforms) = preSolution
		Debug|Any CPU = Debug|Any CPU
		Release|Any CPU = Release|Any CPU
	EndGlobalSection
	GlobalSection(ProjectConfigurationPlatforms) = postSolution
		{9E446DFE-EA65-4EAF-86C3-980EAE4332A4}.Debug|Any CPU.ActiveCfg = Debug|Any CPU
		{9E446DFE-EA65-4EAF-86C3-980EAE4332A4}.Debug|Any CPU.Build.0 = Debug|Any CPU
		{9E446DFE-EA65-4EAF-86C3-980EAE4332A4}.Release|Any CPU.ActiveCfg = Release|Any CPU
		{9E446DFE-EA65-4EAF-86C3-980EAE4332A4}.Release|Any CPU.Build.0 = Release|Any CPU
		{5FF33C16-5BD6-4013-86E0-4AB2BAA73A87}.Debug|Any CPU.ActiveCfg = Debug|Any CPU
		{5FF33C16-5BD6-4013-86E0-4AB2BAA73A87}.Debug|Any CPU.Build.0 = Debug|Any CPU
		{5FF33C16-5BD6-4013-86E0-4AB2BAA73A87}.Release|Any CPU.ActiveCfg = Release|Any CPU
		{5FF33C16-5BD6-4013-86E0-4AB2BAA73A87}.Release|Any CPU.Build.0 = Release|Any CPU
		{09750C17-CFFB-4044-AFBB-792A5A9AA3F7}.Debug|Any CPU.ActiveCfg = Debug|Any CPU
		{09750C17-CFFB-4044-AFBB-792A5A9AA3F7}.Debug|Any CPU.Build.0 = Debug|Any CPU
		{09750C17-CFFB-4044-AFBB-792A5A9AA3F7}.Release|Any CPU.ActiveCfg = Release|Any CPU
		{09750C17-CFFB-4044-AFBB-792A5A9AA3F7}.Release|Any CPU.Build.0 = Release|Any CPU
	EndGlobalSection
	GlobalSection(SolutionProperties) = preSolution
		HideSolutionNode = FALSE
	EndGlobalSection
EndGlobal
